
Microsoft Visual Studio Solution File, Format Version 12.00
# Visual Studio Version 16
VisualStudioVersion = 16.0.31515.178
MinimumVisualStudioVersion = 10.0.40219.1
Project("{FAE04EC0-301F-11D3-BF4B-00C04F79EFBC}") = "FinalProject", "FinalProject.csproj", "{260CB2BF-DCA0-4A9B-845C-601182BED4DE}"
EndProject
Global
	GlobalSection(SolutionConfigurationPlatforms) = preSolution
		Debug|Any CPU = Debug|Any CPU
		Release|Any CPU = Release|Any CPU
	EndGlobalSection
	GlobalSection(ProjectConfigurationPlatforms) = postSolution
		{260CB2BF-DCA0-4A9B-845C-601182BED4DE}.Debug|Any CPU.ActiveCfg = Debug|Any CPU
		{260CB2BF-DCA0-4A9B-845C-601182BED4DE}.Debug|Any CPU.Build.0 = Debug|Any CPU
		{260CB2BF-DCA0-4A9B-845C-601182BED4DE}.Release|Any CPU.ActiveCfg = Release|Any CPU
		{260CB2BF-DCA0-4A9B-845C-601182BED4DE}.Release|Any CPU.Build.0 = Release|Any CPU
	EndGlobalSection
	GlobalSection(SolutionProperties) = preSolution
		HideSolutionNode = FALSE
	EndGlobalSection
	GlobalSection(ExtensibilityGlobals) = postSolution
		SolutionGuid = {E33AD3AB-5254-4B4A-BBC5-00F9E20D1537}
	EndGlobalSection
EndGlobal
